github.com/codeshelldev/gotl/pkg/jsonutils v0.0.1 h1:MHmFykeW50BCJfzcFjgeQY6juN80JpidIMH9qM0IEbY=
github.com/codeshelldev/gotl/pkg/jsonutils v0.0.1/go.mod h1:oxgKaAoMu6iYVHfgR7AhkK22xbYx4K0KCkyVEfYVoWs=
github.com/codeshelldev/gotl/pkg/jsonutils v0.0.2 h1:ERsjkaWVrsyUZoEunCEeNYDXhuaIvoSetB8e/zI4Tqo=
github.com/codeshelldev/gotl/pkg/jsonutils v0.0.2/go.mod h1:oxgKaAoMu6iYVHfgR7AhkK22xbYx4K0KCkyVEfYVoWs=
